
Microsoft Visual Studio Solution File, Format Version 12.00
Project("{FAE04EC0-301F-11D3-BF4B-00C04F79EFBC}") = "ShapeLibrary", "ShapeLibrary\ShapeLibrary.csproj", "{50FF5DFB-E658-4FE0-A654-0E1DB3D642BD}"
EndProject
Project("{FAE04EC0-301F-11D3-BF4B-00C04F79EFBC}") = "Tests", "Tests\Tests.csproj", "{1883AC92-402B-4631-BB67-515DC68BFEC6}"
EndProject
Global
	GlobalSection(SolutionConfigurationPlatforms) = preSolution
		Debug|Any CPU = Debug|Any CPU
		Release|Any CPU = Release|Any CPU
	EndGlobalSection
	GlobalSection(ProjectConfigurationPlatforms) = postSolution
		{50FF5DFB-E658-4FE0-A654-0E1DB3D642BD}.Debug|Any CPU.ActiveCfg = Debug|Any CPU
		{50FF5DFB-E658-4FE0-A654-0E1DB3D642BD}.Debug|Any CPU.Build.0 = Debug|Any CPU
		{50FF5DFB-E658-4FE0-A654-0E1DB3D642BD}.Release|Any CPU.ActiveCfg = Release|Any CPU
		{50FF5DFB-E658-4FE0-A654-0E1DB3D642BD}.Release|Any CPU.Build.0 = Release|Any CPU
		{1883AC92-402B-4631-BB67-515DC68BFEC6}.Debug|Any CPU.ActiveCfg = Debug|Any CPU
		{1883AC92-402B-4631-BB67-515DC68BFEC6}.Debug|Any CPU.Build.0 = Debug|Any CPU
		{1883AC92-402B-4631-BB67-515DC68BFEC6}.Release|Any CPU.ActiveCfg = Release|Any CPU
		{1883AC92-402B-4631-BB67-515DC68BFEC6}.Release|Any CPU.Build.0 = Release|Any CPU
	EndGlobalSection
EndGlobal
